
Microsoft Visual Studio Solution File, Format Version 12.00
# Visual Studio Version 16
VisualStudioVersion = 16.0.31702.278
MinimumVisualStudioVersion = 10.0.40219.1
Project("{FAE04EC0-301F-11D3-BF4B-00C04F79EFBC}") = "OneSignal API 01", "OneSignal API 01\OneSignal API 01.csproj", "{69825274-3536-44D4-B1A3-104FAE5AF20B}"
EndProject
Global
	GlobalSection(SolutionConfigurationPlatforms) = preSolution
		Debug|Any CPU = Debug|Any CPU
		Release|Any CPU = Release|Any CPU
	EndGlobalSection
	GlobalSection(ProjectConfigurationPlatforms) = postSolution
		{69825274-3536-44D4-B1A3-104FAE5AF20B}.Debug|Any CPU.ActiveCfg = Debug|Any CPU
		{69825274-3536-44D4-B1A3-104FAE5AF20B}.Debug|Any CPU.Build.0 = Debug|Any CPU
		{69825274-3536-44D4-B1A3-104FAE5AF20B}.Release|Any CPU.ActiveCfg = Release|Any CPU
		{69825274-3536-44D4-B1A3-104FAE5AF20B}.Release|Any CPU.Build.0 = Release|Any CPU
	EndGlobalSection
	GlobalSection(SolutionProperties) = preSolution
		HideSolutionNode = FALSE
	EndGlobalSection
	GlobalSection(ExtensibilityGlobals) = postSolution
		SolutionGuid = {C2A488E7-0598-4EDB-8F19-8AC74ACDB6F3}
	EndGlobalSection
EndGlobal
